{
  "lockfile_version": "1",
  "packages": {
    "github:NixOS/nixpkgs/nixpkgs-unstable": {
      "resolved": "github:NixOS/nixpkgs/2d9e4457f8e83120c9fdf6f1707ed0bc603e5ac9?lastModified=1741462378&narHash=sha256-ZF3YOjq%2BvTcH51S%2BqWa1oGA9FgmdJ67nTNPG2OIlXDc%3D"
    },
    "nodejs@22.21.1": {
      "last_modified": "2026-01-02T14:39:32Z",
      "plugin_version": "0.0.2",
      "resolved": "github:NixOS/nixpkgs/16c7794d0a28b5a37904d55bcca36003b9109aaa#nodejs_22",
      "source": "devbox-search",
      "version": "22.21.1",
      "systems": {
        "aarch64-darwin": {
          "outputs": [
            {
              "name": "out",
              "path": "/nix/store/62f9psq9vn4drfx5q74w9wccqkixxv05-nodejs-22.21.1",
              "default": true
            },
            {
              "name": "dev",
              "path": "/nix/store/c0dkki0c7s00jcyq2g6z98n6k9hh2d0b-nodejs-22.21.1-dev"
            },
            {
              "name": "libv8",
              "path": "/nix/store/zy38qjrn2d88cpy0q07x82arwczdhzlv-nodejs-22.21.1-libv8"
            }
          ],
          "store_path": "/nix/store/62f9psq9vn4drfx5q74w9wccqkixxv05-nodejs-22.21.1"
        },
        "aarch64-linux": {
          "outputs": [
            {
              "name": "out",
              "path": "/nix/store/i5qxc7v6zwfi2bdykm892wdpq8lj0h4v-nodejs-22.21.1",
              "default": true
            },
            {
              "name": "libv8",
              "path": "/nix/store/39h0zlshb9hn5ic9mf05rkadnd208wbw-nodejs-22.21.1-libv8"
            },
            {
              "name": "dev",
              "path": "/nix/store/gmxpamhp410525lh2g866sxidff6hxhm-nodejs-22.21.1-dev"
            }
          ],
          "store_path": "/nix/store/i5qxc7v6zwfi2bdykm892wdpq8lj0h4v-nodejs-22.21.1"
        },
        "x86_64-darwin": {
          "outputs": [
            {
              "name": "out",
              "path": "/nix/store/jipg8fyr8vwaqp145v68616f0yzg3z8x-nodejs-22.21.1",
              "default": true
            },
            {
              "name": "dev",
              "path": "/nix/store/8jq5r2kjib78i3qk55m3n7kd53lhzcqc-nodejs-22.21.1-dev"
            },
            {
              "name": "libv8",
              "path": "/nix/store/ydyp4wgf6jz6iir44plrcvw8wgiwqmpz-nodejs-22.21.1-libv8"
            }
          ],
          "store_path": "/nix/store/jipg8fyr8vwaqp145v68616f0yzg3z8x-nodejs-22.21.1"
        },
        "x86_64-linux": {
          "outputs": [
            {
              "name": "out",
              "path": "/nix/store/h0rwbhyq01dy7yaf2aimbnrbq7p254db-nodejs-22.21.1",
              "default": true
            },
            {
              "name": "libv8",
              "path": "/nix/store/9hwr1f2fsr45zl7lxny83xv41czk0gdz-nodejs-22.21.1-libv8"
            },
            {
              "name": "dev",
              "path": "/nix/store/3z6003brc34nnsfah9cs6k2rr2l5al7f-nodejs-22.21.1-dev"
            }
          ],
          "store_path": "/nix/store/h0rwbhyq01dy7yaf2aimbnrbq7p254db-nodejs-22.21.1"
        }
      }
    },
    "pnpm@10.13.1": {
      "last_modified": "2025-07-28T17:09:23Z",
      "resolved": "github:NixOS/nixpkgs/648f70160c03151bc2121d179291337ad6bc564b#pnpm",
      "source": "devbox-search",
      "version": "10.13.1",
      "systems": {
        "aarch64-darwin": {
          "outputs": [
            {
              "name": "out",
              "path": "/nix/store/isv167vwnbhbpa7pkibshpd31w9d1ah1-pnpm-10.13.1",
              "default": true
            }
          ],
          "store_path": "/nix/store/isv167vwnbhbpa7pkibshpd31w9d1ah1-pnpm-10.13.1"
        },
        "aarch64-linux": {
          "outputs": [
            {
              "name": "out",
              "path": "/nix/store/yi7853kv4b7jz32k9hw329dh4010qpgl-pnpm-10.13.1",
              "default": true
            }
          ],
          "store_path": "/nix/store/yi7853kv4b7jz32k9hw329dh4010qpgl-pnpm-10.13.1"
        },
        "x86_64-darwin": {
          "outputs": [
            {
              "name": "out",
              "path": "/nix/store/zk5x54d2fhw5g2khx63swxmihji3vh59-pnpm-10.13.1",
              "default": true
            }
          ],
          "store_path": "/nix/store/zk5x54d2fhw5g2khx63swxmihji3vh59-pnpm-10.13.1"
        },
        "x86_64-linux": {
          "outputs": [
            {
              "name": "out",
              "path": "/nix/store/98hbwcmr35si6nbkylfncnah529ahpwj-pnpm-10.13.1",
              "default": true
            }
          ],
          "store_path": "/nix/store/98hbwcmr35si6nbkylfncnah529ahpwj-pnpm-10.13.1"
        }
      }
    }
  }
}
