{
  "lockfile_version": "1",
  "packages": {
    "github:NixOS/nixpkgs/nixpkgs-unstable": {
      "resolved": "github:NixOS/nixpkgs/2d9e4457f8e83120c9fdf6f1707ed0bc603e5ac9?lastModified=1741462378&narHash=sha256-ZF3YOjq%2BvTcH51S%2BqWa1oGA9FgmdJ67nTNPG2OIlXDc%3D"
    },
    "nodejs@22.22.0": {
      "last_modified": "2026-01-14T12:51:35Z",
      "plugin_version": "0.0.2",
      "resolved": "github:NixOS/nixpkgs/13868c071cc73a5e9f610c47d7bb08e5da64fdd5#nodejs_22",
      "source": "devbox-search",
      "version": "22.22.0",
      "systems": {
        "aarch64-darwin": {
          "outputs": [
            {
              "name": "out",
              "path": "/nix/store/7rgrqwip7bkn9d0y6x9iif8mgbikl5cv-nodejs-22.22.0",
              "default": true
            },
            {
              "name": "dev",
              "path": "/nix/store/j7h8k39id2wb8fbz9ax91mi63dg06k10-nodejs-22.22.0-dev"
            },
            {
              "name": "libv8",
              "path": "/nix/store/q7618l77mxsypv872z7w90dpnchkz1sm-nodejs-22.22.0-libv8"
            }
          ],
          "store_path": "/nix/store/7rgrqwip7bkn9d0y6x9iif8mgbikl5cv-nodejs-22.22.0"
        },
        "aarch64-linux": {
          "outputs": [
            {
              "name": "out",
              "path": "/nix/store/7i0syr6kw3bz87hqpngkwp0zkzsdd7h9-nodejs-22.22.0",
              "default": true
            },
            {
              "name": "dev",
              "path": "/nix/store/s9anwghh9cjd1bldwqvas3vb6k5msi6a-nodejs-22.22.0-dev"
            },
            {
              "name": "libv8",
              "path": "/nix/store/aq9apnfyvdgf6q84c1f2sl94mdvwbbwr-nodejs-22.22.0-libv8"
            }
          ],
          "store_path": "/nix/store/7i0syr6kw3bz87hqpngkwp0zkzsdd7h9-nodejs-22.22.0"
        },
        "x86_64-darwin": {
          "outputs": [
            {
              "name": "out",
              "path": "/nix/store/cws429hrqc4c04m3g4c4nl0k881i984w-nodejs-22.22.0",
              "default": true
            },
            {
              "name": "dev",
              "path": "/nix/store/dmw051cm6g9xadv6rd3sr98aph2k5h2d-nodejs-22.22.0-dev"
            },
            {
              "name": "libv8",
              "path": "/nix/store/jn4izxmibz80cv3rssapf4by3x6491wr-nodejs-22.22.0-libv8"
            }
          ],
          "store_path": "/nix/store/cws429hrqc4c04m3g4c4nl0k881i984w-nodejs-22.22.0"
        },
        "x86_64-linux": {
          "outputs": [
            {
              "name": "out",
              "path": "/nix/store/bf45nflf0wylnscwwa2xgliib91x226l-nodejs-22.22.0",
              "default": true
            },
            {
              "name": "dev",
              "path": "/nix/store/7mmihld0lbixr6rflgxnbcihhnw5mqi3-nodejs-22.22.0-dev"
            },
            {
              "name": "libv8",
              "path": "/nix/store/39gb2qhbkm125jsklm5z53ldraszj3ps-nodejs-22.22.0-libv8"
            }
          ],
          "store_path": "/nix/store/bf45nflf0wylnscwwa2xgliib91x226l-nodejs-22.22.0"
        }
      }
    },
    "pnpm@10.13.1": {
      "last_modified": "2025-07-28T17:09:23Z",
      "resolved": "github:NixOS/nixpkgs/648f70160c03151bc2121d179291337ad6bc564b#pnpm",
      "source": "devbox-search",
      "version": "10.13.1",
      "systems": {
        "aarch64-darwin": {
          "outputs": [
            {
              "name": "out",
              "path": "/nix/store/isv167vwnbhbpa7pkibshpd31w9d1ah1-pnpm-10.13.1",
              "default": true
            }
          ],
          "store_path": "/nix/store/isv167vwnbhbpa7pkibshpd31w9d1ah1-pnpm-10.13.1"
        },
        "aarch64-linux": {
          "outputs": [
            {
              "name": "out",
              "path": "/nix/store/yi7853kv4b7jz32k9hw329dh4010qpgl-pnpm-10.13.1",
              "default": true
            }
          ],
          "store_path": "/nix/store/yi7853kv4b7jz32k9hw329dh4010qpgl-pnpm-10.13.1"
        },
        "x86_64-darwin": {
          "outputs": [
            {
              "name": "out",
              "path": "/nix/store/zk5x54d2fhw5g2khx63swxmihji3vh59-pnpm-10.13.1",
              "default": true
            }
          ],
          "store_path": "/nix/store/zk5x54d2fhw5g2khx63swxmihji3vh59-pnpm-10.13.1"
        },
        "x86_64-linux": {
          "outputs": [
            {
              "name": "out",
              "path": "/nix/store/98hbwcmr35si6nbkylfncnah529ahpwj-pnpm-10.13.1",
              "default": true
            }
          ],
          "store_path": "/nix/store/98hbwcmr35si6nbkylfncnah529ahpwj-pnpm-10.13.1"
        }
      }
    }
  }
}
